{
  "version": 3,
  "targets": {
    ".NETCoreApp,Version=v3.0": {}
  },
  "libraries": {},
  "projectFileDependencyGroups": {
    ".NETCoreApp,Version=v3.0": []
  },
  "packageFolders": {
    "C:\\Users\\MaggieMae\\.nuget\\packages\\": {}
  },
  "project": {
    "version": "1.0.0",
    "restore": {
      "projectUniqueName": "C:\\Users\\MaggieMae\\Desktop\\ITCO 381\\ITCO381_IP1\\ITCO381_IP1\\ITCO381_IP1.csproj",
      "projectName": "ITCO381_IP1",
      "projectPath": "C:\\Users\\MaggieMae\\Desktop\\ITCO 381\\ITCO381_IP1\\ITCO381_IP1\\ITCO381_IP1.csproj",
      "packagesPath": "C:\\Users\\MaggieMae\\.nuget\\packages\\",
      "outputPath": "C:\\Users\\MaggieMae\\Desktop\\ITCO 381\\ITCO381_IP1\\ITCO381_IP1\\obj\\",
      "projectStyle": "PackageReference",
      "configFilePaths": [
        "C:\\Users\\MaggieMae\\AppData\\Roaming\\NuGet\\NuGet.Config",
        "C:\\Program Files\\NuGet\\Config\\Microsoft.VisualStudio.Offline.config"
      ],
      "originalTargetFrameworks": [
        "netcoreapp3.0"
      ],
      "sources": {
        "C:\\Program Files\\Microsoft SDKs\\NuGetPackages\\": {},
        "https://api.nuget.org/v3/index.json": {}
      },
      "frameworks": {
        "netcoreapp3.0": {
          "projectReferences": {}
        }
      },
      "warningProperties": {
        "warnAsError": [
          "NU1605"
        ]
      }
    },
    "frameworks": {
      "netcoreapp3.0": {
        "imports": [
          "net461",
          "net462",
          "net47",
          "net471",
          "net472",
          "net48"
        ],
        "assetTargetFallback": true,
        "warn": true,
        "frameworkReferences": {
          "Microsoft.AspNetCore.App": {
            "privateAssets": "none"
          },
          "Microsoft.NETCore.App": {
            "privateAssets": "all"
          }
        },
        "runtimeIdentifierGraphPath": "C:\\Program Files\\dotnet\\sdk\\3.0.100\\RuntimeIdentifierGraph.json"
      }
    }
  }
}